{
  "name": "checklist-lodel",
  "version": "2.0.2",
  "lockfileVersion": 1,
  "requires": true,
  "dependencies": {
    "@fortawesome/fontawesome-free": {
      "version": "5.15.3",
      "resolved": "https://registry.npmjs.org/@fortawesome/fontawesome-free/-/fontawesome-free-5.15.3.tgz",
      "integrity": "sha512-rFnSUN/QOtnOAgqFRooTA3H57JLDm0QEG/jPdk+tLQNL/eWd+Aok8g3qCI+Q1xuDPWpGW/i9JySpJVsq8Q0s9w=="
    },
    "@openedition/checklist": {
      "version": "2.0.3",
      "resolved": "https://registry.npmjs.org/@openedition/checklist/-/checklist-2.0.3.tgz",
      "integrity": "sha512-RMvYedkxonNPqbOagCZHQOb1S/vxj8JvanV1F5VZqPPPuS2C2qFDdhvmN7HHSCV40H5LlGbBHKhO0GBFv6Sjaw=="
    },
    "@yaireo/tagify": {
      "version": "3.23.1",
      "resolved": "https://registry.npmjs.org/@yaireo/tagify/-/tagify-3.23.1.tgz",
      "integrity": "sha512-Zrw+CUHwhZWG1ZOpZB0vK5Il969AyuOBngXe1E/1urvcXxAjdCPLLE6E+wEqv1e+CGybaIK7RiUVlZtBun+zYA=="
    },
    "jquery": {
      "version": "3.6.0",
      "resolved": "https://registry.npmjs.org/jquery/-/jquery-3.6.0.tgz",
      "integrity": "sha512-JVzAR/AjBvVt2BmYhxRCSYysDsPcssdmTFnzyLEts9qNwmjmu4JTAMYubEfwVOSwpQ1I1sKKFcxhZCI2buerfw=="
    },
    "largetable": {
      "version": "1.0.0",
      "resolved": "https://registry.npmjs.org/largetable/-/largetable-1.0.0.tgz",
      "integrity": "sha512-5glHWLpShjuyqHoV8Hoy/v3rDpR8dNR5Waq0Vl9GI3Ei60qLrWoDs0sPtsGJBE55lFu4C/0SdVLGmpPP/hJlAg=="
    }
  }
}
